
Microsoft Visual Studio Solution File, Format Version 12.00
# Visual Studio 2013
VisualStudioVersion = 12.0.31101.0
MinimumVisualStudioVersion = 10.0.40219.1
Project("{FAE04EC0-301F-11D3-BF4B-00C04F79EFBC}") = "DeliCounter", "DeliCounter\DeliCounter.csproj", "{C3CD790B-A002-4325-8645-A86000AA5CC1}"
EndProject
Project("{FAE04EC0-301F-11D3-BF4B-00C04F79EFBC}") = "TestDeliCounter", "..\TestDeliCounter\TestDeliCounter.csproj", "{6CC33129-9A5F-4EFD-8D90-CFF4DEA2F7E8}"
EndProject
Global
	GlobalSection(SolutionConfigurationPlatforms) = preSolution
		Debug|Any CPU = Debug|Any CPU
		Release|Any CPU = Release|Any CPU
	EndGlobalSection
	GlobalSection(ProjectConfigurationPlatforms) = postSolution
		{C3CD790B-A002-4325-8645-A86000AA5CC1}.Debug|Any CPU.ActiveCfg = Debug|Any CPU
		{C3CD790B-A002-4325-8645-A86000AA5CC1}.Debug|Any CPU.Build.0 = Debug|Any CPU
		{C3CD790B-A002-4325-8645-A86000AA5CC1}.Release|Any CPU.ActiveCfg = Release|Any CPU
		{C3CD790B-A002-4325-8645-A86000AA5CC1}.Release|Any CPU.Build.0 = Release|Any CPU
		{6CC33129-9A5F-4EFD-8D90-CFF4DEA2F7E8}.Debug|Any CPU.ActiveCfg = Debug|Any CPU
		{6CC33129-9A5F-4EFD-8D90-CFF4DEA2F7E8}.Debug|Any CPU.Build.0 = Debug|Any CPU
		{6CC33129-9A5F-4EFD-8D90-CFF4DEA2F7E8}.Release|Any CPU.ActiveCfg = Release|Any CPU
		{6CC33129-9A5F-4EFD-8D90-CFF4DEA2F7E8}.Release|Any CPU.Build.0 = Release|Any CPU
	EndGlobalSection
	GlobalSection(SolutionProperties) = preSolution
		HideSolutionNode = FALSE
	EndGlobalSection
EndGlobal
